
Microsoft Visual Studio Solution File, Format Version 12.00
# Visual Studio Version 16
VisualStudioVersion = 16.0.32630.194
MinimumVisualStudioVersion = 10.0.40219.1
Project("{FAE04EC0-301F-11D3-BF4B-00C04F79EFBC}") = "Craft.Website", "Craft.Website\Craft.Website.csproj", "{09CD9323-B389-4D6D-AAEB-F5D40D047123}"
EndProject
Global
	GlobalSection(SolutionConfigurationPlatforms) = preSolution
		Debug|Any CPU = Debug|Any CPU
		Release|Any CPU = Release|Any CPU
	EndGlobalSection
	GlobalSection(ProjectConfigurationPlatforms) = postSolution
		{09CD9323-B389-4D6D-AAEB-F5D40D047123}.Debug|Any CPU.ActiveCfg = Debug|Any CPU
		{09CD9323-B389-4D6D-AAEB-F5D40D047123}.Debug|Any CPU.Build.0 = Debug|Any CPU
		{09CD9323-B389-4D6D-AAEB-F5D40D047123}.Release|Any CPU.ActiveCfg = Release|Any CPU
		{09CD9323-B389-4D6D-AAEB-F5D40D047123}.Release|Any CPU.Build.0 = Release|Any CPU
	EndGlobalSection
	GlobalSection(SolutionProperties) = preSolution
		HideSolutionNode = FALSE
	EndGlobalSection
	GlobalSection(ExtensibilityGlobals) = postSolution
		SolutionGuid = {AC1B5C58-D016-4789-8A85-522BEE7039DD}
	EndGlobalSection
EndGlobal
